
Microsoft Visual Studio Solution File, Format Version 12.00
# Visual Studio Version 17
VisualStudioVersion = 17.9.34616.47
MinimumVisualStudioVersion = 10.0.40219.1
Project("{FAE04EC0-301F-11D3-BF4B-00C04F79EFBC}") = "ServerStatisticsCollectionService", "ServerMonitoringAndNotificationSystem\ServerStatisticsCollectionService.csproj", "{FC3A045F-FED5-4F06-85F3-8D1B5D0A9A77}"
EndProject
Project("{FAE04EC0-301F-11D3-BF4B-00C04F79EFBC}") = "MessageProcessingAndAnomalyDetectionService", "MessageProcessingAndAnomalyDetectionService\MessageProcessingAndAnomalyDetectionService.csproj", "{1BE50844-1304-421F-8316-6560CA0A1C5E}"
EndProject
Global
	GlobalSection(SolutionConfigurationPlatforms) = preSolution
		Debug|Any CPU = Debug|Any CPU
		Release|Any CPU = Release|Any CPU
	EndGlobalSection
	GlobalSection(ProjectConfigurationPlatforms) = postSolution
		{FC3A045F-FED5-4F06-85F3-8D1B5D0A9A77}.Debug|Any CPU.ActiveCfg = Debug|Any CPU
		{FC3A045F-FED5-4F06-85F3-8D1B5D0A9A77}.Debug|Any CPU.Build.0 = Debug|Any CPU
		{FC3A045F-FED5-4F06-85F3-8D1B5D0A9A77}.Release|Any CPU.ActiveCfg = Release|Any CPU
		{FC3A045F-FED5-4F06-85F3-8D1B5D0A9A77}.Release|Any CPU.Build.0 = Release|Any CPU
		{1BE50844-1304-421F-8316-6560CA0A1C5E}.Debug|Any CPU.ActiveCfg = Debug|Any CPU
		{1BE50844-1304-421F-8316-6560CA0A1C5E}.Debug|Any CPU.Build.0 = Debug|Any CPU
		{1BE50844-1304-421F-8316-6560CA0A1C5E}.Release|Any CPU.ActiveCfg = Release|Any CPU
		{1BE50844-1304-421F-8316-6560CA0A1C5E}.Release|Any CPU.Build.0 = Release|Any CPU
	EndGlobalSection
	GlobalSection(SolutionProperties) = preSolution
		HideSolutionNode = FALSE
	EndGlobalSection
	GlobalSection(ExtensibilityGlobals) = postSolution
		SolutionGuid = {ACDED5C5-378A-4DA0-B02D-A2F593E6A863}
	EndGlobalSection
EndGlobal
